
Microsoft Visual Studio Solution File, Format Version 12.00
# Visual Studio 15
VisualStudioVersion = 15.0.28307.572
MinimumVisualStudioVersion = 10.0.40219.1
Project("{FAE04EC0-301F-11D3-BF4B-00C04F79EFBC}") = "Exemplo00", "Exemplo00\Exemplo00.csproj", "{9FD9E416-2193-483B-A221-C464A77AFC07}"
EndProject
Global
	GlobalSection(SolutionConfigurationPlatforms) = preSolution
		Debug|Any CPU = Debug|Any CPU
		Release|Any CPU = Release|Any CPU
	EndGlobalSection
	GlobalSection(ProjectConfigurationPlatforms) = postSolution
		{9FD9E416-2193-483B-A221-C464A77AFC07}.Debug|Any CPU.ActiveCfg = Debug|Any CPU
		{9FD9E416-2193-483B-A221-C464A77AFC07}.Debug|Any CPU.Build.0 = Debug|Any CPU
		{9FD9E416-2193-483B-A221-C464A77AFC07}.Release|Any CPU.ActiveCfg = Release|Any CPU
		{9FD9E416-2193-483B-A221-C464A77AFC07}.Release|Any CPU.Build.0 = Release|Any CPU
	EndGlobalSection
	GlobalSection(SolutionProperties) = preSolution
		HideSolutionNode = FALSE
	EndGlobalSection
	GlobalSection(ExtensibilityGlobals) = postSolution
		SolutionGuid = {DF5E523C-1EA9-46A8-AA04-79FD0A63ABA5}
	EndGlobalSection
EndGlobal
